
Microsoft Visual Studio Solution File, Format Version 12.00
# Visual Studio Version 18
VisualStudioVersion = 18.1.11312.151 d18.0
MinimumVisualStudioVersion = 10.0.40219.1
Project("{FAE04EC0-301F-11D3-BF4B-00C04F79EFBC}") = "Pdfolio.Conversion.Library", "Pdfolio.Conversion.Library.csproj", "{4E7F3626-BB56-80FA-CB98-083DCDA84DCB}"
EndProject
Global
	GlobalSection(SolutionConfigurationPlatforms) = preSolution
		Debug|Any CPU = Debug|Any CPU
		Release|Any CPU = Release|Any CPU
	EndGlobalSection
	GlobalSection(ProjectConfigurationPlatforms) = postSolution
		{4E7F3626-BB56-80FA-CB98-083DCDA84DCB}.Debug|Any CPU.ActiveCfg = Debug|Any CPU
		{4E7F3626-BB56-80FA-CB98-083DCDA84DCB}.Debug|Any CPU.Build.0 = Debug|Any CPU
		{4E7F3626-BB56-80FA-CB98-083DCDA84DCB}.Release|Any CPU.ActiveCfg = Release|Any CPU
		{4E7F3626-BB56-80FA-CB98-083DCDA84DCB}.Release|Any CPU.Build.0 = Release|Any CPU
	EndGlobalSection
	GlobalSection(SolutionProperties) = preSolution
		HideSolutionNode = FALSE
	EndGlobalSection
	GlobalSection(ExtensibilityGlobals) = postSolution
		SolutionGuid = {6B38571F-3783-4F56-B620-6179D9DF419D}
	EndGlobalSection
EndGlobal
